name: Sync Cargo.lock for release-please PRs

on:
  pull_request:
    types: [opened, synchronize, reopened]
    branches: [main]
    paths:
      - Cargo.toml
      - Cargo.lock

permissions:
  contents: write
  pull-requests: read

concurrency:
  group: release-please-cargo-lock-${{ github.head_ref || github.run_id }}
  cancel-in-progress: true

jobs:
  lockfile:
    # release-please PRs typically have branch names like "release-please--branches--main"
    if: startsWith(github.head_ref, 'release-please--')
    runs-on: ubuntu-latest
    steps:
      - uses: actions/checkout@v6
        with:
          ref: refs/pull/${{ github.event.pull_request.number }}/head

      - name: Set up Rust toolchain
        uses: dtolnay/rust-toolchain@stable

      - name: Cache cargo
        uses: Swatinem/rust-cache@v2

      - name: Regenerate lockfile
        run: cargo generate-lockfile

      - name: Commit and push Cargo.lock if changed
        env:
          GH_TOKEN: ${{ github.token }}
          HEAD_REF: ${{ github.event.pull_request.head.ref }}
          PR_NUMBER: ${{ github.event.pull_request.number }}
        run: |
          if ! git diff --quiet -- Cargo.lock; then
            pr_state="$(gh pr view "$PR_NUMBER" --json state --jq .state)"
            if [ "$pr_state" != "OPEN" ]; then
              echo "pull request is no longer open; skipping Cargo.lock push"
              exit 0
            fi
            git config user.name  "crosspack-bot[bot]"
            git config user.email "crosspack-bot[bot]@users.noreply.github.com"
            git add Cargo.lock
            git commit -m "chore: sync Cargo.lock"
            git push origin "HEAD:${HEAD_REF}"
          fi
